// !$*UTF8*$!
{
	archiveVersion = 1;
	classes = {
	};
	objectVersion = 55;
	objects = {

/* Begin PBXBuildFile section */
		D07619D627C3584500AFDEDC /* TableViewModel.swift in Sources */ = {isa = PBXBuildFile; fileRef = D07619D527C3584500AFDEDC /* TableViewModel.swift */; };
		D07AE5C127C2208800774B98 /* AppDelegate.swift in Sources */ = {isa = PBXBuildFile; fileRef = D07AE5C027C2208800774B98 /* AppDelegate.swift */; };
		D07AE5C327C2208800774B98 /* SceneDelegate.swift in Sources */ = {isa = PBXBuildFile; fileRef = D07AE5C227C2208800774B98 /* SceneDelegate.swift */; };
		D07AE5C527C2208800774B98 /* ViewController.swift in Sources */ = {isa = PBXBuildFile; fileRef = D07AE5C427C2208800774B98 /* ViewController.swift */; };
		D07AE5C827C2208800774B98 /* Main.storyboard in Resources */ = {isa = PBXBuildFile; fileRef = D07AE5C627C2208800774B98 /* Main.storyboard */; };
		D07AE5CA27C2208A00774B98 /* Assets.xcassets in Resources */ = {isa = PBXBuildFile; fileRef = D07AE5C927C2208A00774B98 /* Assets.xcassets */; };
		D07AE5CD27C2208A00774B98 /* LaunchScreen.storyboard in Resources */ = {isa = PBXBuildFile; fileRef = D07AE5CB27C2208A00774B98 /* LaunchScreen.storyboard */; };
		D07AE5D527C224A000774B98 /* MainViewController.swift in Sources */ = {isa = PBXBuildFile; fileRef = D07AE5D427C224A000774B98 /* MainViewController.swift */; };
		D0C9D95E27C37E64009CCE62 /* DataType.swift in Sources */ = {isa = PBXBuildFile; fileRef = D0C9D95D27C37E64009CCE62 /* DataType.swift */; };
		D0C9D96027C37ECC009CCE62 /* MyDaangnViewController.swift in Sources */ = {isa = PBXBuildFile; fileRef = D0C9D95F27C37ECC009CCE62 /* MyDaangnViewController.swift */; };
		D0D484F827C22E5400129253 /* SalesPostTableViewCell.swift in Sources */ = {isa = PBXBuildFile; fileRef = D0D484F627C22E5400129253 /* SalesPostTableViewCell.swift */; };
		D0D484F927C22E5400129253 /* SalesPostTableViewCell.xib in Resources */ = {isa = PBXBuildFile; fileRef = D0D484F727C22E5400129253 /* SalesPostTableViewCell.xib */; };
		D0EAC77127C3BC8F005DB956 /* SalesPostViewController.swift in Sources */ = {isa = PBXBuildFile; fileRef = D0EAC77027C3BC8F005DB956 /* SalesPostViewController.swift */; };
		D0EDAB2C27C3C0D30082A82D /* MainTableViewCell.swift in Sources */ = {isa = PBXBuildFile; fileRef = D0EDAB2B27C3C0D30082A82D /* MainTableViewCell.swift */; };
/* End PBXBuildFile section */

/* Begin PBXFileReference section */
		D07619D527C3584500AFDEDC /* TableViewModel.swift */ = {isa = PBXFileReference; lastKnownFileType = sourcecode.swift; path = TableViewModel.swift; sourceTree = "<group>"; };
		D07AE5BD27C2208800774B98 /* DaangnMarket.app */ = {isa = PBXFileReference; explicitFileType = wrapper.application; includeInIndex = 0; path = DaangnMarket.app; sourceTree = BUILT_PRODUCTS_DIR; };
		D07AE5C027C2208800774B98 /* AppDelegate.swift */ = {isa = PBXFileReference; lastKnownFileType = sourcecode.swift; path = AppDelegate.swift; sourceTree = "<group>"; };
		D07AE5C227C2208800774B98 /* SceneDelegate.swift */ = {isa = PBXFileReference; lastKnownFileType = sourcecode.swift; path = SceneDelegate.swift; sourceTree = "<group>"; };
		D07AE5C427C2208800774B98 /* ViewController.swift */ = {isa = PBXFileReference; lastKnownFileType = sourcecode.swift; path = ViewController.swift; sourceTree = "<group>"; };
		D07AE5C727C2208800774B98 /* Base */ = {isa = PBXFileReference; lastKnownFileType = file.storyboard; name = Base; path = Base.lproj/Main.storyboard; sourceTree = "<group>"; };
		D07AE5C927C2208A00774B98 /* Assets.xcassets */ = {isa = PBXFileReference; lastKnownFileType = folder.assetcatalog; path = Assets.xcassets; sourceTree = "<group>"; };
		D07AE5CC27C2208A00774B98 /* Base */ = {isa = PBXFileReference; lastKnownFileType = file.storyboard; name = Base; path = Base.lproj/LaunchScreen.storyboard; sourceTree = "<group>"; };
		D07AE5CE27C2208A00774B98 /* Info.plist */ = {isa = PBXFileReference; lastKnownFileType = text.plist.xml; path = Info.plist; sourceTree = "<group>"; };
		D07AE5D427C224A000774B98 /* MainViewController.swift */ = {isa = PBXFileReference; lastKnownFileType = sourcecode.swift; path = MainViewController.swift; sourceTree = "<group>"; };
		D0C9D95D27C37E64009CCE62 /* DataType.swift */ = {isa = PBXFileReference; lastKnownFileType = sourcecode.swift; path = DataType.swift; sourceTree = "<group>"; };
		D0C9D95F27C37ECC009CCE62 /* MyDaangnViewController.swift */ = {isa = PBXFileReference; lastKnownFileType = sourcecode.swift; path = MyDaangnViewController.swift; sourceTree = "<group>"; };
		D0D484F627C22E5400129253 /* SalesPostTableViewCell.swift */ = {isa = PBXFileReference; lastKnownFileType = sourcecode.swift; path = SalesPostTableViewCell.swift; sourceTree = "<group>"; };
		D0D484F727C22E5400129253 /* SalesPostTableViewCell.xib */ = {isa = PBXFileReference; lastKnownFileType = file.xib; path = SalesPostTableViewCell.xib; sourceTree = "<group>"; };
		D0EAC77027C3BC8F005DB956 /* SalesPostViewController.swift */ = {isa = PBXFileReference; lastKnownFileType = sourcecode.swift; path = SalesPostViewController.swift; sourceTree = "<group>"; };
		D0EDAB2B27C3C0D30082A82D /* MainTableViewCell.swift */ = {isa = PBXFileReference; lastKnownFileType = sourcecode.swift; path = MainTableViewCell.swift; sourceTree = "<group>"; };
/* End PBXFileReference section */

/* Begin PBXFrameworksBuildPhase section */
		D07AE5BA27C2208800774B98 /* Frameworks */ = {
			isa = PBXFrameworksBuildPhase;
			buildActionMask = 2147483647;
			files = (
			);
			runOnlyForDeploymentPostprocessing = 0;
		};
/* End PBXFrameworksBuildPhase section */

/* Begin PBXGroup section */
		D07619D727C35A0A00AFDEDC /* Model */ = {
			isa = PBXGroup;
			children = (
				D07619D527C3584500AFDEDC /* TableViewModel.swift */,
				D0C9D95D27C37E64009CCE62 /* DataType.swift */,
			);
			path = Model;
			sourceTree = "<group>";
		};
		D07AE5B427C2208800774B98 = {
			isa = PBXGroup;
			children = (
				D07AE5BF27C2208800774B98 /* DaangnMarket */,
				D07AE5BE27C2208800774B98 /* Products */,
			);
			sourceTree = "<group>";
		};
		D07AE5BE27C2208800774B98 /* Products */ = {
			isa = PBXGroup;
			children = (
				D07AE5BD27C2208800774B98 /* DaangnMarket.app */,
			);
			name = Products;
			sourceTree = "<group>";
		};
		D07AE5BF27C2208800774B98 /* DaangnMarket */ = {
			isa = PBXGroup;
			children = (
				D07AE5D627C2254000774B98 /* Delegate */,
				D07AE5D727C2255200774B98 /* ViewController */,
				D07AE5C627C2208800774B98 /* Main.storyboard */,
				D07619D727C35A0A00AFDEDC /* Model */,
				D0D484FA27C22E5A00129253 /* TableViewCell */,
				D0EDAB2D27C3C25E0082A82D /* Custom */,
				D07AE5C927C2208A00774B98 /* Assets.xcassets */,
				D07AE5CB27C2208A00774B98 /* LaunchScreen.storyboard */,
				D07AE5CE27C2208A00774B98 /* Info.plist */,
			);
			path = DaangnMarket;
			sourceTree = "<group>";
		};
		D07AE5D627C2254000774B98 /* Delegate */ = {
			isa = PBXGroup;
			children = (
				D07AE5C027C2208800774B98 /* AppDelegate.swift */,
				D07AE5C227C2208800774B98 /* SceneDelegate.swift */,
			);
			path = Delegate;
			sourceTree = "<group>";
		};
		D07AE5D727C2255200774B98 /* ViewController */ = {
			isa = PBXGroup;
			children = (
				D07AE5C427C2208800774B98 /* ViewController.swift */,
				D0C9D95F27C37ECC009CCE62 /* MyDaangnViewController.swift */,
				D0EAC77027C3BC8F005DB956 /* SalesPostViewController.swift */,
			);
			path = ViewController;
			sourceTree = "<group>";
		};
		D0D484FA27C22E5A00129253 /* TableViewCell */ = {
			isa = PBXGroup;
			children = (
				D0D484F627C22E5400129253 /* SalesPostTableViewCell.swift */,
				D0D484F727C22E5400129253 /* SalesPostTableViewCell.xib */,
			);
			path = TableViewCell;
			sourceTree = "<group>";
		};
		D0EDAB2D27C3C25E0082A82D /* Custom */ = {
			isa = PBXGroup;
			children = (
				D07AE5D427C224A000774B98 /* MainViewController.swift */,
				D0EDAB2B27C3C0D30082A82D /* MainTableViewCell.swift */,
			);
			path = Custom;
			sourceTree = "<group>";
		};
/* End PBXGroup section */

/* Begin PBXNativeTarget section */
		D07AE5BC27C2208800774B98 /* DaangnMarket */ = {
			isa = PBXNativeTarget;
			buildConfigurationList = D07AE5D127C2208A00774B98 /* Build configuration list for PBXNativeTarget "DaangnMarket" */;
			buildPhases = (
				D07AE5B927C2208800774B98 /* Sources */,
				D07AE5BA27C2208800774B98 /* Frameworks */,
				D07AE5BB27C2208800774B98 /* Resources */,
			);
			buildRules = (
			);
			dependencies = (
			);
			name = DaangnMarket;
			productName = DaangnMarket;
			productReference = D07AE5BD27C2208800774B98 /* DaangnMarket.app */;
			productType = "com.apple.product-type.application";
		};
/* End PBXNativeTarget section */

/* Begin PBXProject section */
		D07AE5B527C2208800774B98 /* Project object */ = {
			isa = PBXProject;
			attributes = {
				BuildIndependentTargetsInParallel = 1;
				LastSwiftUpdateCheck = 1320;
				LastUpgradeCheck = 1320;
				TargetAttributes = {
					D07AE5BC27C2208800774B98 = {
						CreatedOnToolsVersion = 13.2.1;
					};
				};
			};
			buildConfigurationList = D07AE5B827C2208800774B98 /* Build configuration list for PBXProject "DaangnMarket" */;
			compatibilityVersion = "Xcode 13.0";
			developmentRegion = en;
			hasScannedForEncodings = 0;
			knownRegions = (
				en,
				Base,
			);
			mainGroup = D07AE5B427C2208800774B98;
			productRefGroup = D07AE5BE27C2208800774B98 /* Products */;
			projectDirPath = "";
			projectRoot = "";
			targets = (
				D07AE5BC27C2208800774B98 /* DaangnMarket */,
			);
		};
/* End PBXProject section */

/* Begin PBXResourcesBuildPhase section */
		D07AE5BB27C2208800774B98 /* Resources */ = {
			isa = PBXResourcesBuildPhase;
			buildActionMask = 2147483647;
			files = (
				D0D484F927C22E5400129253 /* SalesPostTableViewCell.xib in Resources */,
				D07AE5CD27C2208A00774B98 /* LaunchScreen.storyboard in Resources */,
				D07AE5CA27C2208A00774B98 /* Assets.xcassets in Resources */,
				D07AE5C827C2208800774B98 /* Main.storyboard in Resources */,
			);
			runOnlyForDeploymentPostprocessing = 0;
		};
/* End PBXResourcesBuildPhase section */

/* Begin PBXSourcesBuildPhase section */
		D07AE5B927C2208800774B98 /* Sources */ = {
			isa = PBXSourcesBuildPhase;
			buildActionMask = 2147483647;
			files = (
				D0EAC77127C3BC8F005DB956 /* SalesPostViewController.swift in Sources */,
				D07AE5C527C2208800774B98 /* ViewController.swift in Sources */,
				D07619D627C3584500AFDEDC /* TableViewModel.swift in Sources */,
				D07AE5C127C2208800774B98 /* AppDelegate.swift in Sources */,
				D0EDAB2C27C3C0D30082A82D /* MainTableViewCell.swift in Sources */,
				D07AE5C327C2208800774B98 /* SceneDelegate.swift in Sources */,
				D0D484F827C22E5400129253 /* SalesPostTableViewCell.swift in Sources */,
				D0C9D96027C37ECC009CCE62 /* MyDaangnViewController.swift in Sources */,
				D07AE5D527C224A000774B98 /* MainViewController.swift in Sources */,
				D0C9D95E27C37E64009CCE62 /* DataType.swift in Sources */,
			);
			runOnlyForDeploymentPostprocessing = 0;
		};
/* End PBXSourcesBuildPhase section */

/* Begin PBXVariantGroup section */
		D07AE5C627C2208800774B98 /* Main.storyboard */ = {
			isa = PBXVariantGroup;
			children = (
				D07AE5C727C2208800774B98 /* Base */,
			);
			name = Main.storyboard;
			sourceTree = "<group>";
		};
		D07AE5CB27C2208A00774B98 /* LaunchScreen.storyboard */ = {
			isa = PBXVariantGroup;
			children = (
				D07AE5CC27C2208A00774B98 /* Base */,
			);
			name = LaunchScreen.storyboard;
			sourceTree = "<group>";
		};
/* End PBXVariantGroup section */

/* Begin XCBuildConfiguration section */
		D07AE5CF27C2208A00774B98 /* Debug */ = {
			isa = XCBuildConfiguration;
			buildSettings = {
				ALWAYS_SEARCH_USER_PATHS = NO;
				CLANG_ANALYZER_NONNULL = YES;
				CLANG_ANALYZER_NUMBER_OBJECT_CONVERSION = YES_AGGRESSIVE;
				CLANG_CXX_LANGUAGE_STANDARD = "gnu++17";
				CLANG_CXX_LIBRARY = "libc++";
				CLANG_ENABLE_MODULES = YES;
				CLANG_ENABLE_OBJC_ARC = YES;
				CLANG_ENABLE_OBJC_WEAK = YES;
				CLANG_WARN_BLOCK_CAPTURE_AUTORELEASING = YES;
				CLANG_WARN_BOOL_CONVERSION = YES;
				CLANG_WARN_COMMA = YES;
				CLANG_WARN_CONSTANT_CONVERSION = YES;
				CLANG_WARN_DEPRECATED_OBJC_IMPLEMENTATIONS = YES;
				CLANG_WARN_DIRECT_OBJC_ISA_USAGE = YES_ERROR;
				CLANG_WARN_DOCUMENTATION_COMMENTS = YES;
				CLANG_WARN_EMPTY_BODY = YES;
				CLANG_WARN_ENUM_CONVERSION = YES;
				CLANG_WARN_INFINITE_RECURSION = YES;
				CLANG_WARN_INT_CONVERSION = YES;
				CLANG_WARN_NON_LITERAL_NULL_CONVERSION = YES;
				CLANG_WARN_OBJC_IMPLICIT_RETAIN_SELF = YES;
				CLANG_WARN_OBJC_LITERAL_CONVERSION = YES;
				CLANG_WARN_OBJC_ROOT_CLASS = YES_ERROR;
				CLANG_WARN_QUOTED_INCLUDE_IN_FRAMEWORK_HEADER = YES;
				CLANG_WARN_RANGE_LOOP_ANALYSIS = YES;
				CLANG_WARN_STRICT_PROTOTYPES = YES;
				CLANG_WARN_SUSPICIOUS_MOVE = YES;
				CLANG_WARN_UNGUARDED_AVAILABILITY = YES_AGGRESSIVE;
				CLANG_WARN_UNREACHABLE_CODE = YES;
				CLANG_WARN__DUPLICATE_METHOD_MATCH = YES;
				COPY_PHASE_STRIP = NO;
				DEBUG_INFORMATION_FORMAT = dwarf;
				ENABLE_STRICT_OBJC_MSGSEND = YES;
				ENABLE_TESTABILITY = YES;
				GCC_C_LANGUAGE_STANDARD = gnu11;
				GCC_DYNAMIC_NO_PIC = NO;
				GCC_NO_COMMON_BLOCKS = YES;
				GCC_OPTIMIZATION_LEVEL = 0;
				GCC_PREPROCESSOR_DEFINITIONS = (
					"DEBUG=1",
					"$(inherited)",
				);
				GCC_WARN_64_TO_32_BIT_CONVERSION = YES;
				GCC_WARN_ABOUT_RETURN_TYPE = YES_ERROR;
				GCC_WARN_UNDECLARED_SELECTOR = YES;
				GCC_WARN_UNINITIALIZED_AUTOS = YES_AGGRESSIVE;
				GCC_WARN_UNUSED_FUNCTION = YES;
				GCC_WARN_UNUSED_VARIABLE = YES;
				IPHONEOS_DEPLOYMENT_TARGET = 15.2;
				MTL_ENABLE_DEBUG_INFO = INCLUDE_SOURCE;
				MTL_FAST_MATH = YES;
				ONLY_ACTIVE_ARCH = YES;
				SDKROOT = iphoneos;
				SWIFT_ACTIVE_COMPILATION_CONDITIONS = DEBUG;
				SWIFT_OPTIMIZATION_LEVEL = "-Onone";
			};
			name = Debug;
		};
		D07AE5D027C2208A00774B98 /* Release */ = {
			isa = XCBuildConfiguration;
			buildSettings = {
				ALWAYS_SEARCH_USER_PATHS = NO;
				CLANG_ANALYZER_NONNULL = YES;
				CLANG_ANALYZER_NUMBER_OBJECT_CONVERSION = YES_AGGRESSIVE;
				CLANG_CXX_LANGUAGE_STANDARD = "gnu++17";
				CLANG_CXX_LIBRARY = "libc++";
				CLANG_ENABLE_MODULES = YES;
				CLANG_ENABLE_OBJC_ARC = YES;
				CLANG_ENABLE_OBJC_WEAK = YES;
				CLANG_WARN_BLOCK_CAPTURE_AUTORELEASING = YES;
				CLANG_WARN_BOOL_CONVERSION = YES;
				CLANG_WARN_COMMA = YES;
				CLANG_WARN_CONSTANT_CONVERSION = YES;
				CLANG_WARN_DEPRECATED_OBJC_IMPLEMENTATIONS = YES;
				CLANG_WARN_DIRECT_OBJC_ISA_USAGE = YES_ERROR;
				CLANG_WARN_DOCUMENTATION_COMMENTS = YES;
				CLANG_WARN_EMPTY_BODY = YES;
				CLANG_WARN_ENUM_CONVERSION = YES;
				CLANG_WARN_INFINITE_RECURSION = YES;
				CLANG_WARN_INT_CONVERSION = YES;
				CLANG_WARN_NON_LITERAL_NULL_CONVERSION = YES;
				CLANG_WARN_OBJC_IMPLICIT_RETAIN_SELF = YES;
				CLANG_WARN_OBJC_LITERAL_CONVERSION = YES;
				CLANG_WARN_OBJC_ROOT_CLASS = YES_ERROR;
				CLANG_WARN_QUOTED_INCLUDE_IN_FRAMEWORK_HEADER = YES;
				CLANG_WARN_RANGE_LOOP_ANALYSIS = YES;
				CLANG_WARN_STRICT_PROTOTYPES = YES;
				CLANG_WARN_SUSPICIOUS_MOVE = YES;
				CLANG_WARN_UNGUARDED_AVAILABILITY = YES_AGGRESSIVE;
				CLANG_WARN_UNREACHABLE_CODE = YES;
				CLANG_WARN__DUPLICATE_METHOD_MATCH = YES;
				COPY_PHASE_STRIP = NO;
				DEBUG_INFORMATION_FORMAT = "dwarf-with-dsym";
				ENABLE_NS_ASSERTIONS = NO;
				ENABLE_STRICT_OBJC_MSGSEND = YES;
				GCC_C_LANGUAGE_STANDARD = gnu11;
				GCC_NO_COMMON_BLOCKS = YES;
				GCC_WARN_64_TO_32_BIT_CONVERSION = YES;
				GCC_WARN_ABOUT_RETURN_TYPE = YES_ERROR;
				GCC_WARN_UNDECLARED_SELECTOR = YES;
				GCC_WARN_UNINITIALIZED_AUTOS = YES_AGGRESSIVE;
				GCC_WARN_UNUSED_FUNCTION = YES;
				GCC_WARN_UNUSED_VARIABLE = YES;
				IPHONEOS_DEPLOYMENT_TARGET = 15.2;
				MTL_ENABLE_DEBUG_INFO = NO;
				MTL_FAST_MATH = YES;
				SDKROOT = iphoneos;
				SWIFT_COMPILATION_MODE = wholemodule;
				SWIFT_OPTIMIZATION_LEVEL = "-O";
				VALIDATE_PRODUCT = YES;
			};
			name = Release;
		};
		D07AE5D227C2208A00774B98 /* Debug */ = {
			isa = XCBuildConfiguration;
			buildSettings = {
				ASSETCATALOG_COMPILER_APPICON_NAME = AppIcon;
				ASSETCATALOG_COMPILER_GLOBAL_ACCENT_COLOR_NAME = AccentColor;
				CODE_SIGN_STYLE = Automatic;
				CURRENT_PROJECT_VERSION = 1;
				GENERATE_INFOPLIST_FILE = YES;
				INFOPLIST_FILE = DaangnMarket/Info.plist;
				INFOPLIST_KEY_UIApplicationSupportsIndirectInputEvents = YES;
				INFOPLIST_KEY_UILaunchStoryboardName = LaunchScreen;
				INFOPLIST_KEY_UIMainStoryboardFile = Main;
				INFOPLIST_KEY_UISupportedInterfaceOrientations_iPad = "UIInterfaceOrientationPortrait UIInterfaceOrientationPortraitUpsideDown UIInterfaceOrientationLandscapeLeft UIInterfaceOrientationLandscapeRight";
				INFOPLIST_KEY_UISupportedInterfaceOrientations_iPhone = "UIInterfaceOrientationPortrait UIInterfaceOrientationLandscapeLeft UIInterfaceOrientationLandscapeRight";
				LD_RUNPATH_SEARCH_PATHS = (
					"$(inherited)",
					"@executable_path/Frameworks",
				);
				MARKETING_VERSION = 1.0;
				PRODUCT_BUNDLE_IDENTIFIER = "DongHee-Sin.DaangnMarket";
				PRODUCT_NAME = "$(TARGET_NAME)";
				SWIFT_EMIT_LOC_STRINGS = YES;
				SWIFT_VERSION = 5.0;
				TARGETED_DEVICE_FAMILY = "1,2";
			};
			name = Debug;
		};
		D07AE5D327C2208A00774B98 /* Release */ = {
			isa = XCBuildConfiguration;
			buildSettings = {
				ASSETCATALOG_COMPILER_APPICON_NAME = AppIcon;
				ASSETCATALOG_COMPILER_GLOBAL_ACCENT_COLOR_NAME = AccentColor;
				CODE_SIGN_STYLE = Automatic;
				CURRENT_PROJECT_VERSION = 1;
				GENERATE_INFOPLIST_FILE = YES;
				INFOPLIST_FILE = DaangnMarket/Info.plist;
				INFOPLIST_KEY_UIApplicationSupportsIndirectInputEvents = YES;
				INFOPLIST_KEY_UILaunchStoryboardName = LaunchScreen;
				INFOPLIST_KEY_UIMainStoryboardFile = Main;
				INFOPLIST_KEY_UISupportedInterfaceOrientations_iPad = "UIInterfaceOrientationPortrait UIInterfaceOrientationPortraitUpsideDown UIInterfaceOrientationLandscapeLeft UIInterfaceOrientationLandscapeRight";
				INFOPLIST_KEY_UISupportedInterfaceOrientations_iPhone = "UIInterfaceOrientationPortrait UIInterfaceOrientationLandscapeLeft UIInterfaceOrientationLandscapeRight";
				LD_RUNPATH_SEARCH_PATHS = (
					"$(inherited)",
					"@executable_path/Frameworks",
				);
				MARKETING_VERSION = 1.0;
				PRODUCT_BUNDLE_IDENTIFIER = "DongHee-Sin.DaangnMarket";
				PRODUCT_NAME = "$(TARGET_NAME)";
				SWIFT_EMIT_LOC_STRINGS = YES;
				SWIFT_VERSION = 5.0;
				TARGETED_DEVICE_FAMILY = "1,2";
			};
			name = Release;
		};
/* End XCBuildConfiguration section */

/* Begin XCConfigurationList section */
		D07AE5B827C2208800774B98 /* Build configuration list for PBXProject "DaangnMarket" */ = {
			isa = XCConfigurationList;
			buildConfigurations = (
				D07AE5CF27C2208A00774B98 /* Debug */,
				D07AE5D027C2208A00774B98 /* Release */,
			);
			defaultConfigurationIsVisible = 0;
			defaultConfigurationName = Release;
		};
		D07AE5D127C2208A00774B98 /* Build configuration list for PBXNativeTarget "DaangnMarket" */ = {
			isa = XCConfigurationList;
			buildConfigurations = (
				D07AE5D227C2208A00774B98 /* Debug */,
				D07AE5D327C2208A00774B98 /* Release */,
			);
			defaultConfigurationIsVisible = 0;
			defaultConfigurationName = Release;
		};
/* End XCConfigurationList section */
	};
	rootObject = D07AE5B527C2208800774B98 /* Project object */;
}
